
Microsoft Visual Studio Solution File, Format Version 12.00
# Visual Studio Version 17
VisualStudioVersion = 17.7.34024.191
MinimumVisualStudioVersion = 10.0.40219.1
Project("{2150E333-8FDC-42A3-9474-1A3956D46DE8}") = "Task0", "Task0", "{50EBD0B6-DE60-4EAF-B7C3-871C6EF2D9F9}"
EndProject
Project("{FAE04EC0-301F-11D3-BF4B-00C04F79EFBC}") = "Tyuiu.SvitkovIA.Sprint4.Task0.V28", "Tyuiu.SvitkovIA.Sprint4.Task0.V28\Tyuiu.SvitkovIA.Sprint4.Task0.V28.csproj", "{CAEB53D0-715C-4077-8FB8-F6E105BD788D}"
EndProject
Project("{FAE04EC0-301F-11D3-BF4B-00C04F79EFBC}") = "Tyuiu.SvitkovIA.Sprint4.Task0.V28.Lib", "Tyuiu.SvitkovIA.Sprint4.Task0.V28.Lib\Tyuiu.SvitkovIA.Sprint4.Task0.V28.Lib.csproj", "{C138CE00-DEC1-4454-8DDC-07811E71101D}"
EndProject
Project("{FAE04EC0-301F-11D3-BF4B-00C04F79EFBC}") = "Tyuiu.SvitkovIA.Sprint4.Task0.V28.Test", "Tyuiu.SvitkovIA.Sprint4.Task0.V28.Test\Tyuiu.SvitkovIA.Sprint4.Task0.V28.Test.csproj", "{95C2D592-FCD3-4FCE-9DF1-AA4DC22BA864}"
EndProject
Project("{2150E333-8FDC-42A3-9474-1A3956D46DE8}") = "Task1", "Task1", "{B56F6197-B1DE-49A6-BBAC-5C8DF758F49E}"
EndProject
Project("{FAE04EC0-301F-11D3-BF4B-00C04F79EFBC}") = "Tyuiu.SvitkovIA.Sprint4.Task1.V9", "Tyuiu.SvitkovIA.Sprint4.Task1.V9\Tyuiu.SvitkovIA.Sprint4.Task1.V9.csproj", "{6F78B674-F119-4CB5-B1DF-A375650D3771}"
EndProject
Project("{FAE04EC0-301F-11D3-BF4B-00C04F79EFBC}") = "Tyuiu.SvitkovIA.Sprint4.Task1.V9.Lib", "Tyuiu.SvitkovIA.Sprint4.Task1.V9.Lib\Tyuiu.SvitkovIA.Sprint4.Task1.V9.Lib.csproj", "{9F22D8D5-0A47-4EFF-83B4-F098C7B72821}"
EndProject
Project("{FAE04EC0-301F-11D3-BF4B-00C04F79EFBC}") = "Tyuiu.SvitkovIA.Sprint4.Task1.V9.Test", "Tyuiu.SvitkovIA.Sprint4.Task1.V9.Test\Tyuiu.SvitkovIA.Sprint4.Task1.V9.Test.csproj", "{ECE4C39F-5761-4E34-B878-EB0764BE6BDE}"
EndProject
Project("{2150E333-8FDC-42A3-9474-1A3956D46DE8}") = "Task2", "Task2", "{6B812E71-0071-45A8-88BB-834BF8D8CE58}"
EndProject
Project("{FAE04EC0-301F-11D3-BF4B-00C04F79EFBC}") = "Tyuiu.SvitkovIA.Sprint4.Task2.V3", "Tyuiu.SvitkovIA.Sprint4.Task2.V3\Tyuiu.SvitkovIA.Sprint4.Task2.V3.csproj", "{767B48B2-EFFF-40BC-B284-EA75DA481E16}"
EndProject
Project("{FAE04EC0-301F-11D3-BF4B-00C04F79EFBC}") = "Tyuiu.SvitkovIA.Sprint4.Task2.V3.Lib", "Tyuiu.SvitkovIA.Sprint4.Task2.V3.Lib\Tyuiu.SvitkovIA.Sprint4.Task2.V3.Lib.csproj", "{11FAFB13-3620-4B9D-BF18-9D587217B9AF}"
EndProject
Project("{FAE04EC0-301F-11D3-BF4B-00C04F79EFBC}") = "Tyuiu.SvitkovIA.Sprint4.Task2.V3.Test", "Tyuiu.SvitkovIA.Sprint4.Task2.V3.Test\Tyuiu.SvitkovIA.Sprint4.Task2.V3.Test.csproj", "{BA0CB479-E218-48BD-8272-7646192A6E41}"
EndProject
Project("{2150E333-8FDC-42A3-9474-1A3956D46DE8}") = "Task3", "Task3", "{E4D268C6-C4B2-4CDA-A072-3A10AC916BBC}"
EndProject
Project("{FAE04EC0-301F-11D3-BF4B-00C04F79EFBC}") = "Tyuiu.SvitkovIA.Sprint4.Task3.V13", "Tyuiu.SvitkovIA.Sprint4.Task3.V13\Tyuiu.SvitkovIA.Sprint4.Task3.V13.csproj", "{B183B493-4927-4846-BFD3-A2C058F699F3}"
EndProject
Project("{FAE04EC0-301F-11D3-BF4B-00C04F79EFBC}") = "Tyuiu.SvitkovIA.Sprint4.Task3.V13.Lib", "Tyuiu.SvitkovIA.Sprint4.Task3.V13.Lib\Tyuiu.SvitkovIA.Sprint4.Task3.V13.Lib.csproj", "{2E23E0A1-1E5F-492E-BF8A-65A85DE7DC18}"
EndProject
Project("{FAE04EC0-301F-11D3-BF4B-00C04F79EFBC}") = "Tyuiu.SvitkovIA.Sprint4.Task3.V13.Test", "Tyuiu.SvitkovIA.Sprint4.Task3.V13.Test\Tyuiu.SvitkovIA.Sprint4.Task3.V13.Test.csproj", "{254DE5D2-A260-4A6C-8C0F-08296EB9936F}"
EndProject
Project("{2150E333-8FDC-42A3-9474-1A3956D46DE8}") = "Task4", "Task4", "{EB92A862-6C02-49DC-AE33-F8F4343F68E2}"
EndProject
Project("{FAE04EC0-301F-11D3-BF4B-00C04F79EFBC}") = "Tyuiu.SvitkovIA.Sprint4.Task4.V20", "Tyuiu.SvitkovIA.Sprint4.Task4.V20\Tyuiu.SvitkovIA.Sprint4.Task4.V20.csproj", "{945E3BA1-9649-4B49-8EA0-3F5056D49BF3}"
EndProject
Project("{FAE04EC0-301F-11D3-BF4B-00C04F79EFBC}") = "Tyuiu.SvitkovIA.Sprint4.Task4.V20.Lib", "Tyuiu.SvitkovIA.Sprint4.Task4.V20.Lib\Tyuiu.SvitkovIA.Sprint4.Task4.V20.Lib.csproj", "{D0430C18-DA9B-46E2-9868-1D2C62F8A5AD}"
EndProject
Project("{FAE04EC0-301F-11D3-BF4B-00C04F79EFBC}") = "Tyuiu.SvitkovIA.Sprint4.Task4.V20.Test", "Tyuiu.SvitkovIA.Sprint4.Task4.V20.Test\Tyuiu.SvitkovIA.Sprint4.Task4.V20.Test.csproj", "{A1F98256-81AE-4C9E-A6A9-9411A75B89B0}"
EndProject
Project("{2150E333-8FDC-42A3-9474-1A3956D46DE8}") = "Task5", "Task5", "{58593014-1E5C-4BBA-B3AE-A79FDF12E6E6}"
EndProject
Project("{FAE04EC0-301F-11D3-BF4B-00C04F79EFBC}") = "Tyuiu.SvitkovIA.Sprint4.Task5.V24", "Tyuiu.SvitkovIA.Sprint4.Task5.V24\Tyuiu.SvitkovIA.Sprint4.Task5.V24.csproj", "{A8C1A7A5-09E6-44E5-88B6-D2BBA8B2313C}"
EndProject
Project("{FAE04EC0-301F-11D3-BF4B-00C04F79EFBC}") = "Tyuiu.SvitkovIA.Sprint4.Task5.V24.Lib", "Tyuiu.SvitkovIA.Sprint4.Task5.V24.Lib\Tyuiu.SvitkovIA.Sprint4.Task5.V24.Lib.csproj", "{EDD2B613-2D34-4C03-836D-2659B20BF3B4}"
EndProject
Project("{FAE04EC0-301F-11D3-BF4B-00C04F79EFBC}") = "Tyuiu.SvitkovIA.Sprint4.Task5.V24.Test", "Tyuiu.SvitkovIA.Sprint4.Task5.V24.Test\Tyuiu.SvitkovIA.Sprint4.Task5.V24.Test.csproj", "{AB4BC8FE-D56E-40BB-B93D-D035CA6FF9DD}"
EndProject
Project("{2150E333-8FDC-42A3-9474-1A3956D46DE8}") = "Task6", "Task6", "{B64AFF87-6DEA-40F3-9C56-CE2A5CFC42CF}"
EndProject
Project("{FAE04EC0-301F-11D3-BF4B-00C04F79EFBC}") = "Tyuiu.SvitkovIA.Sprint4.Task6.V11", "Tyuiu.SvitkovIA.Sprint4.Task6.V11\Tyuiu.SvitkovIA.Sprint4.Task6.V11.csproj", "{8B409B07-AFE7-4993-BC2B-12517EC5AC55}"
EndProject
Project("{FAE04EC0-301F-11D3-BF4B-00C04F79EFBC}") = "Tyuiu.SvitkovIA.Sprint4.Task6.V11.Lib", "Tyuiu.SvitkovIA.Sprint4.Task6.V11.Lib\Tyuiu.SvitkovIA.Sprint4.Task6.V11.Lib.csproj", "{2480FC72-5014-42DA-968A-D21906D19B66}"
EndProject
Project("{FAE04EC0-301F-11D3-BF4B-00C04F79EFBC}") = "Tyuiu.SvitkovIA.Sprint4.Task6.V11.Test", "Tyuiu.SvitkovIA.Sprint4.Task6.V11.Test\Tyuiu.SvitkovIA.Sprint4.Task6.V11.Test.csproj", "{67BA4A5B-16B8-4194-881D-CA055D76ECB2}"
EndProject
Global
	GlobalSection(SolutionConfigurationPlatforms) = preSolution
		Debug|Any CPU = Debug|Any CPU
		Release|Any CPU = Release|Any CPU
	EndGlobalSection
	GlobalSection(ProjectConfigurationPlatforms) = postSolution
		{CAEB53D0-715C-4077-8FB8-F6E105BD788D}.Debug|Any CPU.ActiveCfg = Debug|Any CPU
		{CAEB53D0-715C-4077-8FB8-F6E105BD788D}.Debug|Any CPU.Build.0 = Debug|Any CPU
		{CAEB53D0-715C-4077-8FB8-F6E105BD788D}.Release|Any CPU.ActiveCfg = Release|Any CPU
		{CAEB53D0-715C-4077-8FB8-F6E105BD788D}.Release|Any CPU.Build.0 = Release|Any CPU
		{C138CE00-DEC1-4454-8DDC-07811E71101D}.Debug|Any CPU.ActiveCfg = Debug|Any CPU
		{C138CE00-DEC1-4454-8DDC-07811E71101D}.Debug|Any CPU.Build.0 = Debug|Any CPU
		{C138CE00-DEC1-4454-8DDC-07811E71101D}.Release|Any CPU.ActiveCfg = Release|Any CPU
		{C138CE00-DEC1-4454-8DDC-07811E71101D}.Release|Any CPU.Build.0 = Release|Any CPU
		{95C2D592-FCD3-4FCE-9DF1-AA4DC22BA864}.Debug|Any CPU.ActiveCfg = Debug|Any CPU
		{95C2D592-FCD3-4FCE-9DF1-AA4DC22BA864}.Debug|Any CPU.Build.0 = Debug|Any CPU
		{95C2D592-FCD3-4FCE-9DF1-AA4DC22BA864}.Release|Any CPU.ActiveCfg = Release|Any CPU
		{95C2D592-FCD3-4FCE-9DF1-AA4DC22BA864}.Release|Any CPU.Build.0 = Release|Any CPU
		{6F78B674-F119-4CB5-B1DF-A375650D3771}.Debug|Any CPU.ActiveCfg = Debug|Any CPU
		{6F78B674-F119-4CB5-B1DF-A375650D3771}.Debug|Any CPU.Build.0 = Debug|Any CPU
		{6F78B674-F119-4CB5-B1DF-A375650D3771}.Release|Any CPU.ActiveCfg = Release|Any CPU
		{6F78B674-F119-4CB5-B1DF-A375650D3771}.Release|Any CPU.Build.0 = Release|Any CPU
		{9F22D8D5-0A47-4EFF-83B4-F098C7B72821}.Debug|Any CPU.ActiveCfg = Debug|Any CPU
		{9F22D8D5-0A47-4EFF-83B4-F098C7B72821}.Debug|Any CPU.Build.0 = Debug|Any CPU
		{9F22D8D5-0A47-4EFF-83B4-F098C7B72821}.Release|Any CPU.ActiveCfg = Release|Any CPU
		{9F22D8D5-0A47-4EFF-83B4-F098C7B72821}.Release|Any CPU.Build.0 = Release|Any CPU
		{ECE4C39F-5761-4E34-B878-EB0764BE6BDE}.Debug|Any CPU.ActiveCfg = Debug|Any CPU
		{ECE4C39F-5761-4E34-B878-EB0764BE6BDE}.Debug|Any CPU.Build.0 = Debug|Any CPU
		{ECE4C39F-5761-4E34-B878-EB0764BE6BDE}.Release|Any CPU.ActiveCfg = Release|Any CPU
		{ECE4C39F-5761-4E34-B878-EB0764BE6BDE}.Release|Any CPU.Build.0 = Release|Any CPU
		{767B48B2-EFFF-40BC-B284-EA75DA481E16}.Debug|Any CPU.ActiveCfg = Debug|Any CPU
		{767B48B2-EFFF-40BC-B284-EA75DA481E16}.Debug|Any CPU.Build.0 = Debug|Any CPU
		{767B48B2-EFFF-40BC-B284-EA75DA481E16}.Release|Any CPU.ActiveCfg = Release|Any CPU
		{767B48B2-EFFF-40BC-B284-EA75DA481E16}.Release|Any CPU.Build.0 = Release|Any CPU
		{11FAFB13-3620-4B9D-BF18-9D587217B9AF}.Debug|Any CPU.ActiveCfg = Debug|Any CPU
		{11FAFB13-3620-4B9D-BF18-9D587217B9AF}.Debug|Any CPU.Build.0 = Debug|Any CPU
		{11FAFB13-3620-4B9D-BF18-9D587217B9AF}.Release|Any CPU.ActiveCfg = Release|Any CPU
		{11FAFB13-3620-4B9D-BF18-9D587217B9AF}.Release|Any CPU.Build.0 = Release|Any CPU
		{BA0CB479-E218-48BD-8272-7646192A6E41}.Debug|Any CPU.ActiveCfg = Debug|Any CPU
		{BA0CB479-E218-48BD-8272-7646192A6E41}.Debug|Any CPU.Build.0 = Debug|Any CPU
		{BA0CB479-E218-48BD-8272-7646192A6E41}.Release|Any CPU.ActiveCfg = Release|Any CPU
		{BA0CB479-E218-48BD-8272-7646192A6E41}.Release|Any CPU.Build.0 = Release|Any CPU
		{B183B493-4927-4846-BFD3-A2C058F699F3}.Debug|Any CPU.ActiveCfg = Debug|Any CPU
		{B183B493-4927-4846-BFD3-A2C058F699F3}.Debug|Any CPU.Build.0 = Debug|Any CPU
		{B183B493-4927-4846-BFD3-A2C058F699F3}.Release|Any CPU.ActiveCfg = Release|Any CPU
		{B183B493-4927-4846-BFD3-A2C058F699F3}.Release|Any CPU.Build.0 = Release|Any CPU
		{2E23E0A1-1E5F-492E-BF8A-65A85DE7DC18}.Debug|Any CPU.ActiveCfg = Debug|Any CPU
		{2E23E0A1-1E5F-492E-BF8A-65A85DE7DC18}.Debug|Any CPU.Build.0 = Debug|Any CPU
		{2E23E0A1-1E5F-492E-BF8A-65A85DE7DC18}.Release|Any CPU.ActiveCfg = Release|Any CPU
		{2E23E0A1-1E5F-492E-BF8A-65A85DE7DC18}.Release|Any CPU.Build.0 = Release|Any CPU
		{254DE5D2-A260-4A6C-8C0F-08296EB9936F}.Debug|Any CPU.ActiveCfg = Debug|Any CPU
		{254DE5D2-A260-4A6C-8C0F-08296EB9936F}.Debug|Any CPU.Build.0 = Debug|Any CPU
		{254DE5D2-A260-4A6C-8C0F-08296EB9936F}.Release|Any CPU.ActiveCfg = Release|Any CPU
		{254DE5D2-A260-4A6C-8C0F-08296EB9936F}.Release|Any CPU.Build.0 = Release|Any CPU
		{945E3BA1-9649-4B49-8EA0-3F5056D49BF3}.Debug|Any CPU.ActiveCfg = Debug|Any CPU
		{945E3BA1-9649-4B49-8EA0-3F5056D49BF3}.Debug|Any CPU.Build.0 = Debug|Any CPU
		{945E3BA1-9649-4B49-8EA0-3F5056D49BF3}.Release|Any CPU.ActiveCfg = Release|Any CPU
		{945E3BA1-9649-4B49-8EA0-3F5056D49BF3}.Release|Any CPU.Build.0 = Release|Any CPU
		{D0430C18-DA9B-46E2-9868-1D2C62F8A5AD}.Debug|Any CPU.ActiveCfg = Debug|Any CPU
		{D0430C18-DA9B-46E2-9868-1D2C62F8A5AD}.Debug|Any CPU.Build.0 = Debug|Any CPU
		{D0430C18-DA9B-46E2-9868-1D2C62F8A5AD}.Release|Any CPU.ActiveCfg = Release|Any CPU
		{D0430C18-DA9B-46E2-9868-1D2C62F8A5AD}.Release|Any CPU.Build.0 = Release|Any CPU
		{A1F98256-81AE-4C9E-A6A9-9411A75B89B0}.Debug|Any CPU.ActiveCfg = Debug|Any CPU
		{A1F98256-81AE-4C9E-A6A9-9411A75B89B0}.Debug|Any CPU.Build.0 = Debug|Any CPU
		{A1F98256-81AE-4C9E-A6A9-9411A75B89B0}.Release|Any CPU.ActiveCfg = Release|Any CPU
		{A1F98256-81AE-4C9E-A6A9-9411A75B89B0}.Release|Any CPU.Build.0 = Release|Any CPU
		{A8C1A7A5-09E6-44E5-88B6-D2BBA8B2313C}.Debug|Any CPU.ActiveCfg = Debug|Any CPU
		{A8C1A7A5-09E6-44E5-88B6-D2BBA8B2313C}.Debug|Any CPU.Build.0 = Debug|Any CPU
		{A8C1A7A5-09E6-44E5-88B6-D2BBA8B2313C}.Release|Any CPU.ActiveCfg = Release|Any CPU
		{A8C1A7A5-09E6-44E5-88B6-D2BBA8B2313C}.Release|Any CPU.Build.0 = Release|Any CPU
		{EDD2B613-2D34-4C03-836D-2659B20BF3B4}.Debug|Any CPU.ActiveCfg = Debug|Any CPU
		{EDD2B613-2D34-4C03-836D-2659B20BF3B4}.Debug|Any CPU.Build.0 = Debug|Any CPU
		{EDD2B613-2D34-4C03-836D-2659B20BF3B4}.Release|Any CPU.ActiveCfg = Release|Any CPU
		{EDD2B613-2D34-4C03-836D-2659B20BF3B4}.Release|Any CPU.Build.0 = Release|Any CPU
		{AB4BC8FE-D56E-40BB-B93D-D035CA6FF9DD}.Debug|Any CPU.ActiveCfg = Debug|Any CPU
		{AB4BC8FE-D56E-40BB-B93D-D035CA6FF9DD}.Debug|Any CPU.Build.0 = Debug|Any CPU
		{AB4BC8FE-D56E-40BB-B93D-D035CA6FF9DD}.Release|Any CPU.ActiveCfg = Release|Any CPU
		{AB4BC8FE-D56E-40BB-B93D-D035CA6FF9DD}.Release|Any CPU.Build.0 = Release|Any CPU
		{8B409B07-AFE7-4993-BC2B-12517EC5AC55}.Debug|Any CPU.ActiveCfg = Debug|Any CPU
		{8B409B07-AFE7-4993-BC2B-12517EC5AC55}.Debug|Any CPU.Build.0 = Debug|Any CPU
		{8B409B07-AFE7-4993-BC2B-12517EC5AC55}.Release|Any CPU.ActiveCfg = Release|Any CPU
		{8B409B07-AFE7-4993-BC2B-12517EC5AC55}.Release|Any CPU.Build.0 = Release|Any CPU
		{2480FC72-5014-42DA-968A-D21906D19B66}.Debug|Any CPU.ActiveCfg = Debug|Any CPU
		{2480FC72-5014-42DA-968A-D21906D19B66}.Debug|Any CPU.Build.0 = Debug|Any CPU
		{2480FC72-5014-42DA-968A-D21906D19B66}.Release|Any CPU.ActiveCfg = Release|Any CPU
		{2480FC72-5014-42DA-968A-D21906D19B66}.Release|Any CPU.Build.0 = Release|Any CPU
		{67BA4A5B-16B8-4194-881D-CA055D76ECB2}.Debug|Any CPU.ActiveCfg = Debug|Any CPU
		{67BA4A5B-16B8-4194-881D-CA055D76ECB2}.Debug|Any CPU.Build.0 = Debug|Any CPU
		{67BA4A5B-16B8-4194-881D-CA055D76ECB2}.Release|Any CPU.ActiveCfg = Release|Any CPU
		{67BA4A5B-16B8-4194-881D-CA055D76ECB2}.Release|Any CPU.Build.0 = Release|Any CPU
	EndGlobalSection
	GlobalSection(SolutionProperties) = preSolution
		HideSolutionNode = FALSE
	EndGlobalSection
	GlobalSection(NestedProjects) = preSolution
		{CAEB53D0-715C-4077-8FB8-F6E105BD788D} = {50EBD0B6-DE60-4EAF-B7C3-871C6EF2D9F9}
		{C138CE00-DEC1-4454-8DDC-07811E71101D} = {50EBD0B6-DE60-4EAF-B7C3-871C6EF2D9F9}
		{95C2D592-FCD3-4FCE-9DF1-AA4DC22BA864} = {50EBD0B6-DE60-4EAF-B7C3-871C6EF2D9F9}
		{6F78B674-F119-4CB5-B1DF-A375650D3771} = {B56F6197-B1DE-49A6-BBAC-5C8DF758F49E}
		{9F22D8D5-0A47-4EFF-83B4-F098C7B72821} = {B56F6197-B1DE-49A6-BBAC-5C8DF758F49E}
		{ECE4C39F-5761-4E34-B878-EB0764BE6BDE} = {B56F6197-B1DE-49A6-BBAC-5C8DF758F49E}
		{767B48B2-EFFF-40BC-B284-EA75DA481E16} = {6B812E71-0071-45A8-88BB-834BF8D8CE58}
		{11FAFB13-3620-4B9D-BF18-9D587217B9AF} = {6B812E71-0071-45A8-88BB-834BF8D8CE58}
		{BA0CB479-E218-48BD-8272-7646192A6E41} = {6B812E71-0071-45A8-88BB-834BF8D8CE58}
		{B183B493-4927-4846-BFD3-A2C058F699F3} = {E4D268C6-C4B2-4CDA-A072-3A10AC916BBC}
		{2E23E0A1-1E5F-492E-BF8A-65A85DE7DC18} = {E4D268C6-C4B2-4CDA-A072-3A10AC916BBC}
		{254DE5D2-A260-4A6C-8C0F-08296EB9936F} = {E4D268C6-C4B2-4CDA-A072-3A10AC916BBC}
		{945E3BA1-9649-4B49-8EA0-3F5056D49BF3} = {EB92A862-6C02-49DC-AE33-F8F4343F68E2}
		{D0430C18-DA9B-46E2-9868-1D2C62F8A5AD} = {EB92A862-6C02-49DC-AE33-F8F4343F68E2}
		{A1F98256-81AE-4C9E-A6A9-9411A75B89B0} = {EB92A862-6C02-49DC-AE33-F8F4343F68E2}
		{A8C1A7A5-09E6-44E5-88B6-D2BBA8B2313C} = {58593014-1E5C-4BBA-B3AE-A79FDF12E6E6}
		{EDD2B613-2D34-4C03-836D-2659B20BF3B4} = {58593014-1E5C-4BBA-B3AE-A79FDF12E6E6}
		{AB4BC8FE-D56E-40BB-B93D-D035CA6FF9DD} = {58593014-1E5C-4BBA-B3AE-A79FDF12E6E6}
		{8B409B07-AFE7-4993-BC2B-12517EC5AC55} = {B64AFF87-6DEA-40F3-9C56-CE2A5CFC42CF}
		{2480FC72-5014-42DA-968A-D21906D19B66} = {B64AFF87-6DEA-40F3-9C56-CE2A5CFC42CF}
		{67BA4A5B-16B8-4194-881D-CA055D76ECB2} = {B64AFF87-6DEA-40F3-9C56-CE2A5CFC42CF}
	EndGlobalSection
	GlobalSection(ExtensibilityGlobals) = postSolution
		SolutionGuid = {1AD7C911-B233-4699-8B7E-06D98A86C280}
	EndGlobalSection
EndGlobal
