
Microsoft Visual Studio Solution File, Format Version 12.00
# Visual Studio Version 17
VisualStudioVersion = 17.7.34024.191
MinimumVisualStudioVersion = 10.0.40219.1
Project("{2150E333-8FDC-42A3-9474-1A3956D46DE8}") = "Task0", "Task0", "{50EBD0B6-DE60-4EAF-B7C3-871C6EF2D9F9}"
EndProject
Project("{FAE04EC0-301F-11D3-BF4B-00C04F79EFBC}") = "Tyuiu.SvitkovIA.Sprint4.Task0.V28", "Tyuiu.SvitkovIA.Sprint4.Task0.V28\Tyuiu.SvitkovIA.Sprint4.Task0.V28.csproj", "{CAEB53D0-715C-4077-8FB8-F6E105BD788D}"
EndProject
Project("{FAE04EC0-301F-11D3-BF4B-00C04F79EFBC}") = "Tyuiu.SvitkovIA.Sprint4.Task0.V28.Lib", "Tyuiu.SvitkovIA.Sprint4.Task0.V28.Lib\Tyuiu.SvitkovIA.Sprint4.Task0.V28.Lib.csproj", "{C138CE00-DEC1-4454-8DDC-07811E71101D}"
EndProject
Project("{FAE04EC0-301F-11D3-BF4B-00C04F79EFBC}") = "Tyuiu.SvitkovIA.Sprint4.Task0.V28.Test", "Tyuiu.SvitkovIA.Sprint4.Task0.V28.Test\Tyuiu.SvitkovIA.Sprint4.Task0.V28.Test.csproj", "{95C2D592-FCD3-4FCE-9DF1-AA4DC22BA864}"
EndProject
Project("{2150E333-8FDC-42A3-9474-1A3956D46DE8}") = "Task1", "Task1", "{412EC830-400C-4A77-AA34-48AF9AD50666}"
EndProject
Project("{FAE04EC0-301F-11D3-BF4B-00C04F79EFBC}") = "Tyuiu.SvitkovIA.Sprint4.Task1.V0", "Tyuiu.SvitkovIA.Sprint4.Task1.V0\Tyuiu.SvitkovIA.Sprint4.Task1.V0.csproj", "{9EFBCFF1-D3D2-4556-A6EB-BE41E755A368}"
EndProject
Global
	GlobalSection(SolutionConfigurationPlatforms) = preSolution
		Debug|Any CPU = Debug|Any CPU
		Release|Any CPU = Release|Any CPU
	EndGlobalSection
	GlobalSection(ProjectConfigurationPlatforms) = postSolution
		{CAEB53D0-715C-4077-8FB8-F6E105BD788D}.Debug|Any CPU.ActiveCfg = Debug|Any CPU
		{CAEB53D0-715C-4077-8FB8-F6E105BD788D}.Debug|Any CPU.Build.0 = Debug|Any CPU
		{CAEB53D0-715C-4077-8FB8-F6E105BD788D}.Release|Any CPU.ActiveCfg = Release|Any CPU
		{CAEB53D0-715C-4077-8FB8-F6E105BD788D}.Release|Any CPU.Build.0 = Release|Any CPU
		{C138CE00-DEC1-4454-8DDC-07811E71101D}.Debug|Any CPU.ActiveCfg = Debug|Any CPU
		{C138CE00-DEC1-4454-8DDC-07811E71101D}.Debug|Any CPU.Build.0 = Debug|Any CPU
		{C138CE00-DEC1-4454-8DDC-07811E71101D}.Release|Any CPU.ActiveCfg = Release|Any CPU
		{C138CE00-DEC1-4454-8DDC-07811E71101D}.Release|Any CPU.Build.0 = Release|Any CPU
		{95C2D592-FCD3-4FCE-9DF1-AA4DC22BA864}.Debug|Any CPU.ActiveCfg = Debug|Any CPU
		{95C2D592-FCD3-4FCE-9DF1-AA4DC22BA864}.Debug|Any CPU.Build.0 = Debug|Any CPU
		{95C2D592-FCD3-4FCE-9DF1-AA4DC22BA864}.Release|Any CPU.ActiveCfg = Release|Any CPU
		{95C2D592-FCD3-4FCE-9DF1-AA4DC22BA864}.Release|Any CPU.Build.0 = Release|Any CPU
		{9EFBCFF1-D3D2-4556-A6EB-BE41E755A368}.Debug|Any CPU.ActiveCfg = Debug|Any CPU
		{9EFBCFF1-D3D2-4556-A6EB-BE41E755A368}.Debug|Any CPU.Build.0 = Debug|Any CPU
		{9EFBCFF1-D3D2-4556-A6EB-BE41E755A368}.Release|Any CPU.ActiveCfg = Release|Any CPU
		{9EFBCFF1-D3D2-4556-A6EB-BE41E755A368}.Release|Any CPU.Build.0 = Release|Any CPU
	EndGlobalSection
	GlobalSection(SolutionProperties) = preSolution
		HideSolutionNode = FALSE
	EndGlobalSection
	GlobalSection(NestedProjects) = preSolution
		{CAEB53D0-715C-4077-8FB8-F6E105BD788D} = {50EBD0B6-DE60-4EAF-B7C3-871C6EF2D9F9}
		{C138CE00-DEC1-4454-8DDC-07811E71101D} = {50EBD0B6-DE60-4EAF-B7C3-871C6EF2D9F9}
		{95C2D592-FCD3-4FCE-9DF1-AA4DC22BA864} = {50EBD0B6-DE60-4EAF-B7C3-871C6EF2D9F9}
		{9EFBCFF1-D3D2-4556-A6EB-BE41E755A368} = {412EC830-400C-4A77-AA34-48AF9AD50666}
	EndGlobalSection
	GlobalSection(ExtensibilityGlobals) = postSolution
		SolutionGuid = {1AD7C911-B233-4699-8B7E-06D98A86C280}
	EndGlobalSection
EndGlobal
